
Microsoft Visual Studio Solution File, Format Version 12.00
# Visual Studio 15
VisualStudioVersion = 15.0.27130.2010
MinimumVisualStudioVersion = 10.0.40219.1
Project("{FAE04EC0-301F-11D3-BF4B-00C04F79EFBC}") = "IPC2Proyecto", "IPC2Proyecto\IPC2Proyecto.csproj", "{45BF5E78-E5E9-4367-8E59-3ACB641D92C9}"
EndProject
Global
	GlobalSection(SolutionConfigurationPlatforms) = preSolution
		Debug|Any CPU = Debug|Any CPU
		Release|Any CPU = Release|Any CPU
	EndGlobalSection
	GlobalSection(ProjectConfigurationPlatforms) = postSolution
		{45BF5E78-E5E9-4367-8E59-3ACB641D92C9}.Debug|Any CPU.ActiveCfg = Debug|Any CPU
		{45BF5E78-E5E9-4367-8E59-3ACB641D92C9}.Debug|Any CPU.Build.0 = Debug|Any CPU
		{45BF5E78-E5E9-4367-8E59-3ACB641D92C9}.Release|Any CPU.ActiveCfg = Release|Any CPU
		{45BF5E78-E5E9-4367-8E59-3ACB641D92C9}.Release|Any CPU.Build.0 = Release|Any CPU
	EndGlobalSection
	GlobalSection(SolutionProperties) = preSolution
		HideSolutionNode = FALSE
	EndGlobalSection
	GlobalSection(ExtensibilityGlobals) = postSolution
		SolutionGuid = {74779BFB-CEC1-4C69-BAF0-25F71C645D0B}
	EndGlobalSection
EndGlobal
